{
  "name": "cdb-ota",
  "version": "1.0.0",
  "lockfileVersion": 1,
  "requires": true,
  "dependencies": {
    "github-ipa-uploader": {
      "version": "file:../github-ipa-uploader",
      "requires": {
        "cli-progress": "^2.1.1",
        "ipa-extract-info": "^1.2.5",
        "ipa-metadata2": "^1.4.2",
        "publish-release": "^1.6.0"
      }
    }
  }
}
